{
  "name": "@mat-datetimepicker/core",
  "version": "17.0.0",
  "lockfileVersion": 3,
  "requires": true,
  "packages": {
    "": {
      "name": "@mat-datetimepicker/core",
      "version": "17.0.0",
      "license": "MIT",
      "dependencies": {
        "tslib": "~2.8.1"
      },
      "peerDependencies": {
        "@angular/cdk": "^21.0.0",
        "@angular/common": "^21.0.0",
        "@angular/core": "^21.0.0",
        "@angular/material": "^21.0.0"
      }
    },
    "node_modules/@angular/cdk": {
      "version": "21.0.1",
      "resolved": "https://registry.npmjs.org/@angular/cdk/-/cdk-21.0.1.tgz",
      "integrity": "sha512-9u1oUf6TGf9Wh+XuQFb9txIGAqfXbAX9ba+dyOTIJ7V3weX3kTRWeGjxad4ydjTPkJ3RaF1/upMwzLuZgnhDMQ==",
      "license": "MIT",
      "peer": true,
      "dependencies": {
        "parse5": "^8.0.0",
        "tslib": "^2.3.0"
      },
      "peerDependencies": {
        "@angular/common": "^21.0.0 || ^22.0.0",
        "@angular/core": "^21.0.0 || ^22.0.0",
        "rxjs": "^6.5.3 || ^7.4.0"
      }
    },
    "node_modules/@angular/common": {
      "version": "21.0.1",
      "resolved": "https://registry.npmjs.org/@angular/common/-/common-21.0.1.tgz",
      "integrity": "sha512-EqdTGpFp7PVdTVztO7TB6+QxdzUbYXKKT2jwG2Gg+PIQZ2A8XrLPRmGXyH/DLlc5IhnoJlLbngmBRCLCO4xWog==",
      "license": "MIT",
      "peer": true,
      "dependencies": {
        "tslib": "^2.3.0"
      },
      "engines": {
        "node": "^20.19.0 || ^22.12.0 || >=24.0.0"
      },
      "peerDependencies": {
        "@angular/core": "21.0.1",
        "rxjs": "^6.5.3 || ^7.4.0"
      }
    },
    "node_modules/@angular/core": {
      "version": "21.0.1",
      "resolved": "https://registry.npmjs.org/@angular/core/-/core-21.0.1.tgz",
      "integrity": "sha512-z0G9Bwzgqr0fQVbtMgqwl+SbbiqtJD7I2xT6U5p45LetKHojcfigH29dxi/vqALPwEdgb2nSIx7RqVhoyynraQ==",
      "license": "MIT",
      "peer": true,
      "dependencies": {
        "tslib": "^2.3.0"
      },
      "engines": {
        "node": "^20.19.0 || ^22.12.0 || >=24.0.0"
      },
      "peerDependencies": {
        "@angular/compiler": "21.0.1",
        "rxjs": "^6.5.3 || ^7.4.0",
        "zone.js": "~0.15.0 || ~0.16.0"
      },
      "peerDependenciesMeta": {
        "@angular/compiler": {
          "optional": true
        },
        "zone.js": {
          "optional": true
        }
      }
    },
    "node_modules/@angular/forms": {
      "version": "21.0.1",
      "resolved": "https://registry.npmjs.org/@angular/forms/-/forms-21.0.1.tgz",
      "integrity": "sha512-BVFPuKjxkzjzKMmpc6KxUKICpVs6J2/KzA4HjtPp/UKvdZPe8dj8vIXuc9pGf8DA4XdkjCwvv8szCgzTWi02LQ==",
      "license": "MIT",
      "peer": true,
      "dependencies": {
        "tslib": "^2.3.0"
      },
      "engines": {
        "node": "^20.19.0 || ^22.12.0 || >=24.0.0"
      },
      "peerDependencies": {
        "@angular/common": "21.0.1",
        "@angular/core": "21.0.1",
        "@angular/platform-browser": "21.0.1",
        "@standard-schema/spec": "^1.0.0",
        "rxjs": "^6.5.3 || ^7.4.0"
      }
    },
    "node_modules/@angular/material": {
      "version": "21.0.1",
      "resolved": "https://registry.npmjs.org/@angular/material/-/material-21.0.1.tgz",
      "integrity": "sha512-UJ/8r7n2JN5Iz2qrQ/1xMGz0diUc/SUFC4t+KMlF6KIdnGlNdGlGOA0Js1uOSXvo/YCCnDVw4IyLCG9CAVZ/4Q==",
      "license": "MIT",
      "peer": true,
      "dependencies": {
        "tslib": "^2.3.0"
      },
      "peerDependencies": {
        "@angular/cdk": "21.0.1",
        "@angular/common": "^21.0.0 || ^22.0.0",
        "@angular/core": "^21.0.0 || ^22.0.0",
        "@angular/forms": "^21.0.0 || ^22.0.0",
        "@angular/platform-browser": "^21.0.0 || ^22.0.0",
        "rxjs": "^6.5.3 || ^7.4.0"
      }
    },
    "node_modules/@angular/platform-browser": {
      "version": "21.0.1",
      "resolved": "https://registry.npmjs.org/@angular/platform-browser/-/platform-browser-21.0.1.tgz",
      "integrity": "sha512-68StH9HILKUqNhQKz6KKNHzpgk1n88CIusWlmJvnb0l6iWGf3ydq5lTMKAKiZQmSDAVP5unTGfNvIkh59GRyVg==",
      "license": "MIT",
      "peer": true,
      "dependencies": {
        "tslib": "^2.3.0"
      },
      "engines": {
        "node": "^20.19.0 || ^22.12.0 || >=24.0.0"
      },
      "peerDependencies": {
        "@angular/animations": "21.0.1",
        "@angular/common": "21.0.1",
        "@angular/core": "21.0.1"
      },
      "peerDependenciesMeta": {
        "@angular/animations": {
          "optional": true
        }
      }
    },
    "node_modules/@standard-schema/spec": {
      "version": "1.0.0",
      "resolved": "https://registry.npmjs.org/@standard-schema/spec/-/spec-1.0.0.tgz",
      "integrity": "sha512-m2bOd0f2RT9k8QJx1JN85cZYyH1RqFBdlwtkSlf4tBDYLCiiZnv1fIIwacK6cqwXavOydf0NPToMQgpKq+dVlA==",
      "license": "MIT",
      "peer": true
    },
    "node_modules/entities": {
      "version": "6.0.1",
      "resolved": "https://registry.npmjs.org/entities/-/entities-6.0.1.tgz",
      "integrity": "sha512-aN97NXWF6AWBTahfVOIrB/NShkzi5H7F9r1s9mD3cDj4Ko5f2qhhVoYMibXF7GlLveb/D2ioWay8lxI97Ven3g==",
      "license": "BSD-2-Clause",
      "engines": {
        "node": ">=0.12"
      },
      "funding": {
        "url": "https://github.com/fb55/entities?sponsor=1"
      }
    },
    "node_modules/parse5": {
      "version": "8.0.0",
      "resolved": "https://registry.npmjs.org/parse5/-/parse5-8.0.0.tgz",
      "integrity": "sha512-9m4m5GSgXjL4AjumKzq1Fgfp3Z8rsvjRNbnkVwfu2ImRqE5D0LnY2QfDen18FSY9C573YU5XxSapdHZTZ2WolA==",
      "license": "MIT",
      "dependencies": {
        "entities": "^6.0.0"
      },
      "funding": {
        "url": "https://github.com/inikulin/parse5?sponsor=1"
      }
    },
    "node_modules/rxjs": {
      "version": "7.8.1",
      "resolved": "https://registry.npmjs.org/rxjs/-/rxjs-7.8.1.tgz",
      "integrity": "sha512-AA3TVj+0A2iuIoQkWEK/tqFjBq2j+6PO6Y0zJcvzLAFhEFIO3HL0vls9hWLncZbAAbK0mar7oZ4V079I/qPMxg==",
      "license": "Apache-2.0",
      "peer": true,
      "dependencies": {
        "tslib": "^2.1.0"
      }
    },
    "node_modules/tslib": {
      "version": "2.8.1",
      "resolved": "https://registry.npmjs.org/tslib/-/tslib-2.8.1.tgz",
      "integrity": "sha512-oJFu94HQb+KVduSUQL7wnpmqnfmLsOA/nAh6b6EH0wCEoK0/mPeXU6c3wKDV83MkOuHPRHtSXKKU99IBazS/2w==",
      "license": "0BSD"
    }
  }
}
